
Microsoft Visual Studio Solution File, Format Version 12.00
# Visual Studio Version 17
VisualStudioVersion = 17.7.34202.233
MinimumVisualStudioVersion = 10.0.40219.1
Project("{FAE04EC0-301F-11D3-BF4B-00C04F79EFBC}") = "CarDealership", "CarDealership.csproj", "{7731F246-D324-4E08-B71A-0EA8C5D692B9}"
EndProject
Global
	GlobalSection(SolutionConfigurationPlatforms) = preSolution
		Debug|Any CPU = Debug|Any CPU
		Release|Any CPU = Release|Any CPU
	EndGlobalSection
	GlobalSection(ProjectConfigurationPlatforms) = postSolution
		{7731F246-D324-4E08-B71A-0EA8C5D692B9}.Debug|Any CPU.ActiveCfg = Debug|Any CPU
		{7731F246-D324-4E08-B71A-0EA8C5D692B9}.Debug|Any CPU.Build.0 = Debug|Any CPU
		{7731F246-D324-4E08-B71A-0EA8C5D692B9}.Release|Any CPU.ActiveCfg = Release|Any CPU
		{7731F246-D324-4E08-B71A-0EA8C5D692B9}.Release|Any CPU.Build.0 = Release|Any CPU
	EndGlobalSection
	GlobalSection(SolutionProperties) = preSolution
		HideSolutionNode = FALSE
	EndGlobalSection
	GlobalSection(ExtensibilityGlobals) = postSolution
		SolutionGuid = {67ABACED-F3E1-476E-9549-391FDBC7F92E}
	EndGlobalSection
EndGlobal
